
Microsoft Visual Studio Solution File, Format Version 11.00
# Visual Studio 2010
Project("{FAE04EC0-301F-11D3-BF4B-00C04F79EFBC}") = "Assembly-CSharp", "Assembly-CSharp.csproj", "{D0840AAC-9B8C-6DF9-CA0D-0F96CB5F2B59}"
EndProject
Project("{FAE04EC0-301F-11D3-BF4B-00C04F79EFBC}") = "Assembly-CSharp-Editor", "Assembly-CSharp-Editor.csproj", "{7BFE27E4-D978-9593-0381-78F7A0B6E415}"
EndProject
Global
	GlobalSection(SolutionConfigurationPlatforms) = preSolution
		Debug|Any CPU = Debug|Any CPU
		Release|Any CPU = Release|Any CPU
	EndGlobalSection
	GlobalSection(ProjectConfigurationPlatforms) = postSolution
		{D0840AAC-9B8C-6DF9-CA0D-0F96CB5F2B59}.Debug|Any CPU.ActiveCfg = Debug|Any CPU
		{D0840AAC-9B8C-6DF9-CA0D-0F96CB5F2B59}.Debug|Any CPU.Build.0 = Debug|Any CPU
		{D0840AAC-9B8C-6DF9-CA0D-0F96CB5F2B59}.Release|Any CPU.ActiveCfg = Release|Any CPU
		{D0840AAC-9B8C-6DF9-CA0D-0F96CB5F2B59}.Release|Any CPU.Build.0 = Release|Any CPU
		{7BFE27E4-D978-9593-0381-78F7A0B6E415}.Debug|Any CPU.ActiveCfg = Debug|Any CPU
		{7BFE27E4-D978-9593-0381-78F7A0B6E415}.Debug|Any CPU.Build.0 = Debug|Any CPU
		{7BFE27E4-D978-9593-0381-78F7A0B6E415}.Release|Any CPU.ActiveCfg = Release|Any CPU
		{7BFE27E4-D978-9593-0381-78F7A0B6E415}.Release|Any CPU.Build.0 = Release|Any CPU
	EndGlobalSection
	GlobalSection(SolutionProperties) = preSolution
		HideSolutionNode = FALSE
	EndGlobalSection
	GlobalSection(MonoDevelopProperties) = preSolution
		StartupItem = Assembly-CSharp.csproj
	EndGlobalSection
EndGlobal
